// !$*UTF8*$!
{
	archiveVersion = 1;
	classes = {
	};
	objectVersion = 48;
	objects = {

/* Begin PBXBuildFile section */
		AED48532201BA9FB00961673 /* AppDelegate.swift in Sources */ = {isa = PBXBuildFile; fileRef = AED48531201BA9FB00961673 /* AppDelegate.swift */; };
		AED48534201BA9FB00961673 /* ViewController.swift in Sources */ = {isa = PBXBuildFile; fileRef = AED48533201BA9FB00961673 /* ViewController.swift */; };
		AED48537201BA9FB00961673 /* Main.storyboard in Resources */ = {isa = PBXBuildFile; fileRef = AED48535201BA9FB00961673 /* Main.storyboard */; };
		AED48539201BA9FB00961673 /* Assets.xcassets in Resources */ = {isa = PBXBuildFile; fileRef = AED48538201BA9FB00961673 /* Assets.xcassets */; };
		AED4853C201BA9FB00961673 /* LaunchScreen.storyboard in Resources */ = {isa = PBXBuildFile; fileRef = AED4853A201BA9FB00961673 /* LaunchScreen.storyboard */; };
		AED48547201BA9FB00961673 /* Project1Tests.swift in Sources */ = {isa = PBXBuildFile; fileRef = AED48546201BA9FB00961673 /* Project1Tests.swift */; };
		AED48552201BA9FB00961673 /* Project1UITests.swift in Sources */ = {isa = PBXBuildFile; fileRef = AED48551201BA9FB00961673 /* Project1UITests.swift */; };
/* End PBXBuildFile section */

/* Begin PBXContainerItemProxy section */
		AED48543201BA9FB00961673 /* PBXContainerItemProxy */ = {
			isa = PBXContainerItemProxy;
			containerPortal = AED48526201BA9FB00961673 /* Project object */;
			proxyType = 1;
			remoteGlobalIDString = AED4852D201BA9FB00961673;
			remoteInfo = Project1;
		};
		AED4854E201BA9FB00961673 /* PBXContainerItemProxy */ = {
			isa = PBXContainerItemProxy;
			containerPortal = AED48526201BA9FB00961673 /* Project object */;
			proxyType = 1;
			remoteGlobalIDString = AED4852D201BA9FB00961673;
			remoteInfo = Project1;
		};
/* End PBXContainerItemProxy section */

/* Begin PBXFileReference section */
		AED4852E201BA9FB00961673 /* Project1.app */ = {isa = PBXFileReference; explicitFileType = wrapper.application; includeInIndex = 0; path = Project1.app; sourceTree = BUILT_PRODUCTS_DIR; };
		AED48531201BA9FB00961673 /* AppDelegate.swift */ = {isa = PBXFileReference; lastKnownFileType = sourcecode.swift; path = AppDelegate.swift; sourceTree = "<group>"; };
		AED48533201BA9FB00961673 /* ViewController.swift */ = {isa = PBXFileReference; lastKnownFileType = sourcecode.swift; path = ViewController.swift; sourceTree = "<group>"; };
		AED48536201BA9FB00961673 /* Base */ = {isa = PBXFileReference; lastKnownFileType = file.storyboard; name = Base; path = Base.lproj/Main.storyboard; sourceTree = "<group>"; };
		AED48538201BA9FB00961673 /* Assets.xcassets */ = {isa = PBXFileReference; lastKnownFileType = folder.assetcatalog; path = Assets.xcassets; sourceTree = "<group>"; };
		AED4853B201BA9FB00961673 /* Base */ = {isa = PBXFileReference; lastKnownFileType = file.storyboard; name = Base; path = Base.lproj/LaunchScreen.storyboard; sourceTree = "<group>"; };
		AED4853D201BA9FB00961673 /* Info.plist */ = {isa = PBXFileReference; lastKnownFileType = text.plist.xml; path = Info.plist; sourceTree = "<group>"; };
		AED48542201BA9FB00961673 /* Project1Tests.xctest */ = {isa = PBXFileReference; explicitFileType = wrapper.cfbundle; includeInIndex = 0; path = Project1Tests.xctest; sourceTree = BUILT_PRODUCTS_DIR; };
		AED48546201BA9FB00961673 /* Project1Tests.swift */ = {isa = PBXFileReference; lastKnownFileType = sourcecode.swift; path = Project1Tests.swift; sourceTree = "<group>"; };
		AED48548201BA9FB00961673 /* Info.plist */ = {isa = PBXFileReference; lastKnownFileType = text.plist.xml; path = Info.plist; sourceTree = "<group>"; };
		AED4854D201BA9FB00961673 /* Project1UITests.xctest */ = {isa = PBXFileReference; explicitFileType = wrapper.cfbundle; includeInIndex = 0; path = Project1UITests.xctest; sourceTree = BUILT_PRODUCTS_DIR; };
		AED48551201BA9FB00961673 /* Project1UITests.swift */ = {isa = PBXFileReference; lastKnownFileType = sourcecode.swift; path = Project1UITests.swift; sourceTree = "<group>"; };
		AED48553201BA9FB00961673 /* Info.plist */ = {isa = PBXFileReference; lastKnownFileType = text.plist.xml; path = Info.plist; sourceTree = "<group>"; };
/* End PBXFileReference section */

/* Begin PBXFrameworksBuildPhase section */
		AED4852B201BA9FB00961673 /* Frameworks */ = {
			isa = PBXFrameworksBuildPhase;
			buildActionMask = 2147483647;
			files = (
			);
			runOnlyForDeploymentPostprocessing = 0;
		};
		AED4853F201BA9FB00961673 /* Frameworks */ = {
			isa = PBXFrameworksBuildPhase;
			buildActionMask = 2147483647;
			files = (
			);
			runOnlyForDeploymentPostprocessing = 0;
		};
		AED4854A201BA9FB00961673 /* Frameworks */ = {
			isa = PBXFrameworksBuildPhase;
			buildActionMask = 2147483647;
			files = (
			);
			runOnlyForDeploymentPostprocessing = 0;
		};
/* End PBXFrameworksBuildPhase section */

/* Begin PBXGroup section */
		AED48525201BA9FB00961673 = {
			isa = PBXGroup;
			children = (
				AED48530201BA9FB00961673 /* Project1 */,
				AED48545201BA9FB00961673 /* Project1Tests */,
				AED48550201BA9FB00961673 /* Project1UITests */,
				AED4852F201BA9FB00961673 /* Products */,
			);
			sourceTree = "<group>";
		};
		AED4852F201BA9FB00961673 /* Products */ = {
			isa = PBXGroup;
			children = (
				AED4852E201BA9FB00961673 /* Project1.app */,
				AED48542201BA9FB00961673 /* Project1Tests.xctest */,
				AED4854D201BA9FB00961673 /* Project1UITests.xctest */,
			);
			name = Products;
			sourceTree = "<group>";
		};
		AED48530201BA9FB00961673 /* Project1 */ = {
			isa = PBXGroup;
			children = (
				AED48531201BA9FB00961673 /* AppDelegate.swift */,
				AED48533201BA9FB00961673 /* ViewController.swift */,
				AED48535201BA9FB00961673 /* Main.storyboard */,
				AED48538201BA9FB00961673 /* Assets.xcassets */,
				AED4853A201BA9FB00961673 /* LaunchScreen.storyboard */,
				AED4853D201BA9FB00961673 /* Info.plist */,
			);
			path = Project1;
			sourceTree = "<group>";
		};
		AED48545201BA9FB00961673 /* Project1Tests */ = {
			isa = PBXGroup;
			children = (
				AED48546201BA9FB00961673 /* Project1Tests.swift */,
				AED48548201BA9FB00961673 /* Info.plist */,
			);
			path = Project1Tests;
			sourceTree = "<group>";
		};
		AED48550201BA9FB00961673 /* Project1UITests */ = {
			isa = PBXGroup;
			children = (
				AED48551201BA9FB00961673 /* Project1UITests.swift */,
				AED48553201BA9FB00961673 /* Info.plist */,
			);
			path = Project1UITests;
			sourceTree = "<group>";
		};
/* End PBXGroup section */

/* Begin PBXNativeTarget section */
		AED4852D201BA9FB00961673 /* Project1 */ = {
			isa = PBXNativeTarget;
			buildConfigurationList = AED48556201BA9FB00961673 /* Build configuration list for PBXNativeTarget "Project1" */;
			buildPhases = (
				AED4852A201BA9FB00961673 /* Sources */,
				AED4852B201BA9FB00961673 /* Frameworks */,
				AED4852C201BA9FB00961673 /* Resources */,
			);
			buildRules = (
			);
			dependencies = (
			);
			name = Project1;
			productName = Project1;
			productReference = AED4852E201BA9FB00961673 /* Project1.app */;
			productType = "com.apple.product-type.application";
		};
		AED48541201BA9FB00961673 /* Project1Tests */ = {
			isa = PBXNativeTarget;
			buildConfigurationList = AED48559201BA9FB00961673 /* Build configuration list for PBXNativeTarget "Project1Tests" */;
			buildPhases = (
				AED4853E201BA9FB00961673 /* Sources */,
				AED4853F201BA9FB00961673 /* Frameworks */,
				AED48540201BA9FB00961673 /* Resources */,
			);
			buildRules = (
			);
			dependencies = (
				AED48544201BA9FB00961673 /* PBXTargetDependency */,
			);
			name = Project1Tests;
			productName = Project1Tests;
			productReference = AED48542201BA9FB00961673 /* Project1Tests.xctest */;
			productType = "com.apple.product-type.bundle.unit-test";
		};
		AED4854C201BA9FB00961673 /* Project1UITests */ = {
			isa = PBXNativeTarget;
			buildConfigurationList = AED4855C201BA9FB00961673 /* Build configuration list for PBXNativeTarget "Project1UITests" */;
			buildPhases = (
				AED48549201BA9FB00961673 /* Sources */,
				AED4854A201BA9FB00961673 /* Frameworks */,
				AED4854B201BA9FB00961673 /* Resources */,
			);
			buildRules = (
			);
			dependencies = (
				AED4854F201BA9FB00961673 /* PBXTargetDependency */,
			);
			name = Project1UITests;
			productName = Project1UITests;
			productReference = AED4854D201BA9FB00961673 /* Project1UITests.xctest */;
			productType = "com.apple.product-type.bundle.ui-testing";
		};
/* End PBXNativeTarget section */

/* Begin PBXProject section */
		AED48526201BA9FB00961673 /* Project object */ = {
			isa = PBXProject;
			attributes = {
				LastSwiftUpdateCheck = 0920;
				LastUpgradeCheck = 0920;
				ORGANIZATIONNAME = vanra;
				TargetAttributes = {
					AED4852D201BA9FB00961673 = {
						CreatedOnToolsVersion = 9.2;
						ProvisioningStyle = Automatic;
					};
					AED48541201BA9FB00961673 = {
						CreatedOnToolsVersion = 9.2;
						ProvisioningStyle = Automatic;
						TestTargetID = AED4852D201BA9FB00961673;
					};
					AED4854C201BA9FB00961673 = {
						CreatedOnToolsVersion = 9.2;
						ProvisioningStyle = Automatic;
						TestTargetID = AED4852D201BA9FB00961673;
					};
				};
			};
			buildConfigurationList = AED48529201BA9FB00961673 /* Build configuration list for PBXProject "Project1" */;
			compatibilityVersion = "Xcode 8.0";
			developmentRegion = en;
			hasScannedForEncodings = 0;
			knownRegions = (
				en,
				Base,
			);
			mainGroup = AED48525201BA9FB00961673;
			productRefGroup = AED4852F201BA9FB00961673 /* Products */;
			projectDirPath = "";
			projectRoot = "";
			targets = (
				AED4852D201BA9FB00961673 /* Project1 */,
				AED48541201BA9FB00961673 /* Project1Tests */,
				AED4854C201BA9FB00961673 /* Project1UITests */,
			);
		};
/* End PBXProject section */

/* Begin PBXResourcesBuildPhase section */
		AED4852C201BA9FB00961673 /* Resources */ = {
			isa = PBXResourcesBuildPhase;
			buildActionMask = 2147483647;
			files = (
				AED4853C201BA9FB00961673 /* LaunchScreen.storyboard in Resources */,
				AED48539201BA9FB00961673 /* Assets.xcassets in Resources */,
				AED48537201BA9FB00961673 /* Main.storyboard in Resources */,
			);
			runOnlyForDeploymentPostprocessing = 0;
		};
		AED48540201BA9FB00961673 /* Resources */ = {
			isa = PBXResourcesBuildPhase;
			buildActionMask = 2147483647;
			files = (
			);
			runOnlyForDeploymentPostprocessing = 0;
		};
		AED4854B201BA9FB00961673 /* Resources */ = {
			isa = PBXResourcesBuildPhase;
			buildActionMask = 2147483647;
			files = (
			);
			runOnlyForDeploymentPostprocessing = 0;
		};
/* End PBXResourcesBuildPhase section */

/* Begin PBXSourcesBuildPhase section */
		AED4852A201BA9FB00961673 /* Sources */ = {
			isa = PBXSourcesBuildPhase;
			buildActionMask = 2147483647;
			files = (
				AED48534201BA9FB00961673 /* ViewController.swift in Sources */,
				AED48532201BA9FB00961673 /* AppDelegate.swift in Sources */,
			);
			runOnlyForDeploymentPostprocessing = 0;
		};
		AED4853E201BA9FB00961673 /* Sources */ = {
			isa = PBXSourcesBuildPhase;
			buildActionMask = 2147483647;
			files = (
				AED48547201BA9FB00961673 /* Project1Tests.swift in Sources */,
			);
			runOnlyForDeploymentPostprocessing = 0;
		};
		AED48549201BA9FB00961673 /* Sources */ = {
			isa = PBXSourcesBuildPhase;
			buildActionMask = 2147483647;
			files = (
				AED48552201BA9FB00961673 /* Project1UITests.swift in Sources */,
			);
			runOnlyForDeploymentPostprocessing = 0;
		};
/* End PBXSourcesBuildPhase section */

/* Begin PBXTargetDependency section */
		AED48544201BA9FB00961673 /* PBXTargetDependency */ = {
			isa = PBXTargetDependency;
			target = AED4852D201BA9FB00961673 /* Project1 */;
			targetProxy = AED48543201BA9FB00961673 /* PBXContainerItemProxy */;
		};
		AED4854F201BA9FB00961673 /* PBXTargetDependency */ = {
			isa = PBXTargetDependency;
			target = AED4852D201BA9FB00961673 /* Project1 */;
			targetProxy = AED4854E201BA9FB00961673 /* PBXContainerItemProxy */;
		};
/* End PBXTargetDependency section */

/* Begin PBXVariantGroup section */
		AED48535201BA9FB00961673 /* Main.storyboard */ = {
			isa = PBXVariantGroup;
			children = (
				AED48536201BA9FB00961673 /* Base */,
			);
			name = Main.storyboard;
			sourceTree = "<group>";
		};
		AED4853A201BA9FB00961673 /* LaunchScreen.storyboard */ = {
			isa = PBXVariantGroup;
			children = (
				AED4853B201BA9FB00961673 /* Base */,
			);
			name = LaunchScreen.storyboard;
			sourceTree = "<group>";
		};
/* End PBXVariantGroup section */

/* Begin XCBuildConfiguration section */
		AED48554201BA9FB00961673 /* Debug */ = {
			isa = XCBuildConfiguration;
			buildSettings = {
				ALWAYS_SEARCH_USER_PATHS = NO;
				CLANG_ANALYZER_NONNULL = YES;
				CLANG_ANALYZER_NUMBER_OBJECT_CONVERSION = YES_AGGRESSIVE;
				CLANG_CXX_LANGUAGE_STANDARD = "gnu++14";
				CLANG_CXX_LIBRARY = "libc++";
				CLANG_ENABLE_MODULES = YES;
				CLANG_ENABLE_OBJC_ARC = YES;
				CLANG_WARN_BLOCK_CAPTURE_AUTORELEASING = YES;
				CLANG_WARN_BOOL_CONVERSION = YES;
				CLANG_WARN_COMMA = YES;
				CLANG_WARN_CONSTANT_CONVERSION = YES;
				CLANG_WARN_DIRECT_OBJC_ISA_USAGE = YES_ERROR;
				CLANG_WARN_DOCUMENTATION_COMMENTS = YES;
				CLANG_WARN_EMPTY_BODY = YES;
				CLANG_WARN_ENUM_CONVERSION = YES;
				CLANG_WARN_INFINITE_RECURSION = YES;
				CLANG_WARN_INT_CONVERSION = YES;
				CLANG_WARN_NON_LITERAL_NULL_CONVERSION = YES;
				CLANG_WARN_OBJC_LITERAL_CONVERSION = YES;
				CLANG_WARN_OBJC_ROOT_CLASS = YES_ERROR;
				CLANG_WARN_RANGE_LOOP_ANALYSIS = YES;
				CLANG_WARN_STRICT_PROTOTYPES = YES;
				CLANG_WARN_SUSPICIOUS_MOVE = YES;
				CLANG_WARN_UNGUARDED_AVAILABILITY = YES_AGGRESSIVE;
				CLANG_WARN_UNREACHABLE_CODE = YES;
				CLANG_WARN__DUPLICATE_METHOD_MATCH = YES;
				CODE_SIGN_IDENTITY = "iPhone Developer";
				COPY_PHASE_STRIP = NO;
				DEBUG_INFORMATION_FORMAT = dwarf;
				ENABLE_STRICT_OBJC_MSGSEND = YES;
				ENABLE_TESTABILITY = YES;
				GCC_C_LANGUAGE_STANDARD = gnu11;
				GCC_DYNAMIC_NO_PIC = NO;
				GCC_NO_COMMON_BLOCKS = YES;
				GCC_OPTIMIZATION_LEVEL = 0;
				GCC_PREPROCESSOR_DEFINITIONS = (
					"DEBUG=1",
					"$(inherited)",
				);
				GCC_WARN_64_TO_32_BIT_CONVERSION = YES;
				GCC_WARN_ABOUT_RETURN_TYPE = YES_ERROR;
				GCC_WARN_UNDECLARED_SELECTOR = YES;
				GCC_WARN_UNINITIALIZED_AUTOS = YES_AGGRESSIVE;
				GCC_WARN_UNUSED_FUNCTION = YES;
				GCC_WARN_UNUSED_VARIABLE = YES;
				IPHONEOS_DEPLOYMENT_TARGET = 11.2;
				MTL_ENABLE_DEBUG_INFO = YES;
				ONLY_ACTIVE_ARCH = YES;
				SDKROOT = iphoneos;
				SWIFT_ACTIVE_COMPILATION_CONDITIONS = DEBUG;
				SWIFT_OPTIMIZATION_LEVEL = "-Onone";
			};
			name = Debug;
		};
		AED48555201BA9FB00961673 /* Release */ = {
			isa = XCBuildConfiguration;
			buildSettings = {
				ALWAYS_SEARCH_USER_PATHS = NO;
				CLANG_ANALYZER_NONNULL = YES;
				CLANG_ANALYZER_NUMBER_OBJECT_CONVERSION = YES_AGGRESSIVE;
				CLANG_CXX_LANGUAGE_STANDARD = "gnu++14";
				CLANG_CXX_LIBRARY = "libc++";
				CLANG_ENABLE_MODULES = YES;
				CLANG_ENABLE_OBJC_ARC = YES;
				CLANG_WARN_BLOCK_CAPTURE_AUTORELEASING = YES;
				CLANG_WARN_BOOL_CONVERSION = YES;
				CLANG_WARN_COMMA = YES;
				CLANG_WARN_CONSTANT_CONVERSION = YES;
				CLANG_WARN_DIRECT_OBJC_ISA_USAGE = YES_ERROR;
				CLANG_WARN_DOCUMENTATION_COMMENTS = YES;
				CLANG_WARN_EMPTY_BODY = YES;
				CLANG_WARN_ENUM_CONVERSION = YES;
				CLANG_WARN_INFINITE_RECURSION = YES;
				CLANG_WARN_INT_CONVERSION = YES;
				CLANG_WARN_NON_LITERAL_NULL_CONVERSION = YES;
				CLANG_WARN_OBJC_LITERAL_CONVERSION = YES;
				CLANG_WARN_OBJC_ROOT_CLASS = YES_ERROR;
				CLANG_WARN_RANGE_LOOP_ANALYSIS = YES;
				CLANG_WARN_STRICT_PROTOTYPES = YES;
				CLANG_WARN_SUSPICIOUS_MOVE = YES;
				CLANG_WARN_UNGUARDED_AVAILABILITY = YES_AGGRESSIVE;
				CLANG_WARN_UNREACHABLE_CODE = YES;
				CLANG_WARN__DUPLICATE_METHOD_MATCH = YES;
				CODE_SIGN_IDENTITY = "iPhone Developer";
				COPY_PHASE_STRIP = NO;
				DEBUG_INFORMATION_FORMAT = "dwarf-with-dsym";
				ENABLE_NS_ASSERTIONS = NO;
				ENABLE_STRICT_OBJC_MSGSEND = YES;
				GCC_C_LANGUAGE_STANDARD = gnu11;
				GCC_NO_COMMON_BLOCKS = YES;
				GCC_WARN_64_TO_32_BIT_CONVERSION = YES;
				GCC_WARN_ABOUT_RETURN_TYPE = YES_ERROR;
				GCC_WARN_UNDECLARED_SELECTOR = YES;
				GCC_WARN_UNINITIALIZED_AUTOS = YES_AGGRESSIVE;
				GCC_WARN_UNUSED_FUNCTION = YES;
				GCC_WARN_UNUSED_VARIABLE = YES;
				IPHONEOS_DEPLOYMENT_TARGET = 11.2;
				MTL_ENABLE_DEBUG_INFO = NO;
				SDKROOT = iphoneos;
				SWIFT_OPTIMIZATION_LEVEL = "-Owholemodule";
				VALIDATE_PRODUCT = YES;
			};
			name = Release;
		};
		AED48557201BA9FB00961673 /* Debug */ = {
			isa = XCBuildConfiguration;
			buildSettings = {
				ASSETCATALOG_COMPILER_APPICON_NAME = AppIcon;
				CODE_SIGN_STYLE = Automatic;
				DEVELOPMENT_TEAM = UL5C3DWEKM;
				INFOPLIST_FILE = Project1/Info.plist;
				LD_RUNPATH_SEARCH_PATHS = "$(inherited) @executable_path/Frameworks";
				PRODUCT_BUNDLE_IDENTIFIER = vanra.Project1;
				PRODUCT_NAME = "$(TARGET_NAME)";
				SWIFT_VERSION = 4.0;
				TARGETED_DEVICE_FAMILY = "1,2";
			};
			name = Debug;
		};
		AED48558201BA9FB00961673 /* Release */ = {
			isa = XCBuildConfiguration;
			buildSettings = {
				ASSETCATALOG_COMPILER_APPICON_NAME = AppIcon;
				CODE_SIGN_STYLE = Automatic;
				DEVELOPMENT_TEAM = UL5C3DWEKM;
				INFOPLIST_FILE = Project1/Info.plist;
				LD_RUNPATH_SEARCH_PATHS = "$(inherited) @executable_path/Frameworks";
				PRODUCT_BUNDLE_IDENTIFIER = vanra.Project1;
				PRODUCT_NAME = "$(TARGET_NAME)";
				SWIFT_VERSION = 4.0;
				TARGETED_DEVICE_FAMILY = "1,2";
			};
			name = Release;
		};
		AED4855A201BA9FB00961673 /* Debug */ = {
			isa = XCBuildConfiguration;
			buildSettings = {
				ALWAYS_EMBED_SWIFT_STANDARD_LIBRARIES = YES;
				BUNDLE_LOADER = "$(TEST_HOST)";
				CODE_SIGN_STYLE = Automatic;
				DEVELOPMENT_TEAM = UL5C3DWEKM;
				INFOPLIST_FILE = Project1Tests/Info.plist;
				LD_RUNPATH_SEARCH_PATHS = "$(inherited) @executable_path/Frameworks @loader_path/Frameworks";
				PRODUCT_BUNDLE_IDENTIFIER = vanra.Project1Tests;
				PRODUCT_NAME = "$(TARGET_NAME)";
				SWIFT_VERSION = 4.0;
				TARGETED_DEVICE_FAMILY = "1,2";
				TEST_HOST = "$(BUILT_PRODUCTS_DIR)/Project1.app/Project1";
			};
			name = Debug;
		};
		AED4855B201BA9FB00961673 /* Release */ = {
			isa = XCBuildConfiguration;
			buildSettings = {
				ALWAYS_EMBED_SWIFT_STANDARD_LIBRARIES = YES;
				BUNDLE_LOADER = "$(TEST_HOST)";
				CODE_SIGN_STYLE = Automatic;
				DEVELOPMENT_TEAM = UL5C3DWEKM;
				INFOPLIST_FILE = Project1Tests/Info.plist;
				LD_RUNPATH_SEARCH_PATHS = "$(inherited) @executable_path/Frameworks @loader_path/Frameworks";
				PRODUCT_BUNDLE_IDENTIFIER = vanra.Project1Tests;
				PRODUCT_NAME = "$(TARGET_NAME)";
				SWIFT_VERSION = 4.0;
				TARGETED_DEVICE_FAMILY = "1,2";
				TEST_HOST = "$(BUILT_PRODUCTS_DIR)/Project1.app/Project1";
			};
			name = Release;
		};
		AED4855D201BA9FB00961673 /* Debug */ = {
			isa = XCBuildConfiguration;
			buildSettings = {
				ALWAYS_EMBED_SWIFT_STANDARD_LIBRARIES = YES;
				CODE_SIGN_STYLE = Automatic;
				DEVELOPMENT_TEAM = UL5C3DWEKM;
				INFOPLIST_FILE = Project1UITests/Info.plist;
				LD_RUNPATH_SEARCH_PATHS = "$(inherited) @executable_path/Frameworks @loader_path/Frameworks";
				PRODUCT_BUNDLE_IDENTIFIER = vanra.Project1UITests;
				PRODUCT_NAME = "$(TARGET_NAME)";
				SWIFT_VERSION = 4.0;
				TARGETED_DEVICE_FAMILY = "1,2";
				TEST_TARGET_NAME = Project1;
			};
			name = Debug;
		};
		AED4855E201BA9FB00961673 /* Release */ = {
			isa = XCBuildConfiguration;
			buildSettings = {
				ALWAYS_EMBED_SWIFT_STANDARD_LIBRARIES = YES;
				CODE_SIGN_STYLE = Automatic;
				DEVELOPMENT_TEAM = UL5C3DWEKM;
				INFOPLIST_FILE = Project1UITests/Info.plist;
				LD_RUNPATH_SEARCH_PATHS = "$(inherited) @executable_path/Frameworks @loader_path/Frameworks";
				PRODUCT_BUNDLE_IDENTIFIER = vanra.Project1UITests;
				PRODUCT_NAME = "$(TARGET_NAME)";
				SWIFT_VERSION = 4.0;
				TARGETED_DEVICE_FAMILY = "1,2";
				TEST_TARGET_NAME = Project1;
			};
			name = Release;
		};
/* End XCBuildConfiguration section */

/* Begin XCConfigurationList section */
		AED48529201BA9FB00961673 /* Build configuration list for PBXProject "Project1" */ = {
			isa = XCConfigurationList;
			buildConfigurations = (
				AED48554201BA9FB00961673 /* Debug */,
				AED48555201BA9FB00961673 /* Release */,
			);
			defaultConfigurationIsVisible = 0;
			defaultConfigurationName = Release;
		};
		AED48556201BA9FB00961673 /* Build configuration list for PBXNativeTarget "Project1" */ = {
			isa = XCConfigurationList;
			buildConfigurations = (
				AED48557201BA9FB00961673 /* Debug */,
				AED48558201BA9FB00961673 /* Release */,
			);
			defaultConfigurationIsVisible = 0;
			defaultConfigurationName = Release;
		};
		AED48559201BA9FB00961673 /* Build configuration list for PBXNativeTarget "Project1Tests" */ = {
			isa = XCConfigurationList;
			buildConfigurations = (
				AED4855A201BA9FB00961673 /* Debug */,
				AED4855B201BA9FB00961673 /* Release */,
			);
			defaultConfigurationIsVisible = 0;
			defaultConfigurationName = Release;
		};
		AED4855C201BA9FB00961673 /* Build configuration list for PBXNativeTarget "Project1UITests" */ = {
			isa = XCConfigurationList;
			buildConfigurations = (
				AED4855D201BA9FB00961673 /* Debug */,
				AED4855E201BA9FB00961673 /* Release */,
			);
			defaultConfigurationIsVisible = 0;
			defaultConfigurationName = Release;
		};
/* End XCConfigurationList section */
	};
	rootObject = AED48526201BA9FB00961673 /* Project object */;
}
